Microsoft Visual Studio Solution File, Format Version 12.00
# Visual Studio Version 17
VisualStudioVersion = 17.5.2.0
MinimumVisualStudioVersion = 10.0.40219.1
Project("{FAE04EC0-301F-11D3-BF4B-00C04F79EFBC}") = "Sydoky2", "Sydoky2.csproj", "{22A9771C-0E91-05CF-3FFF-E51DBE4B37EA}"
EndProject
Global
	GlobalSection(SolutionConfigurationPlatforms) = preSolution
		Debug|Any CPU = Debug|Any CPU
		Release|Any CPU = Release|Any CPU
	EndGlobalSection
	GlobalSection(ProjectConfigurationPlatforms) = postSolution
		{22A9771C-0E91-05CF-3FFF-E51DBE4B37EA}.Debug|Any CPU.ActiveCfg = Debug|Any CPU
		{22A9771C-0E91-05CF-3FFF-E51DBE4B37EA}.Debug|Any CPU.Build.0 = Debug|Any CPU
		{22A9771C-0E91-05CF-3FFF-E51DBE4B37EA}.Release|Any CPU.ActiveCfg = Release|Any CPU
		{22A9771C-0E91-05CF-3FFF-E51DBE4B37EA}.Release|Any CPU.Build.0 = Release|Any CPU
	EndGlobalSection
	GlobalSection(SolutionProperties) = preSolution
		HideSolutionNode = FALSE
	EndGlobalSection
	GlobalSection(ExtensibilityGlobals) = postSolution
		SolutionGuid = {EE47D952-1BDE-4032-8D51-BC0D5323CCC3}
	EndGlobalSection
EndGlobal
